// !$*UTF8*$!
{
	archiveVersion = 1;
	classes = {
	};
	objectVersion = 46;
	objects = {

/* Begin PBXBuildFile section */
		B427F3A41D5F4356006C1995 /* AppDelegate.m in Sources */ = {isa = PBXBuildFile; fileRef = B427F3A31D5F4356006C1995 /* AppDelegate.m */; };
		B427F3A71D5F4356006C1995 /* main.m in Sources */ = {isa = PBXBuildFile; fileRef = B427F3A61D5F4356006C1995 /* main.m */; };
		B427F3A91D5F4356006C1995 /* Assets.xcassets in Resources */ = {isa = PBXBuildFile; fileRef = B427F3A81D5F4356006C1995 /* Assets.xcassets */; };
		B427F3AC1D5F4356006C1995 /* MainMenu.xib in Resources */ = {isa = PBXBuildFile; fileRef = B427F3AA1D5F4356006C1995 /* MainMenu.xib */; };
/* End PBXBuildFile section */

/* Begin PBXFileReference section */
		B427F39F1D5F4356006C1995 /* BuildBotFalseError.app */ = {isa = PBXFileReference; explicitFileType = wrapper.application; includeInIndex = 0; path = BuildBotFalseError.app; sourceTree = BUILT_PRODUCTS_DIR; };
		B427F3A21D5F4356006C1995 /* AppDelegate.h */ = {isa = PBXFileReference; lastKnownFileType = sourcecode.c.h; path = AppDelegate.h; sourceTree = "<group>"; };
		B427F3A31D5F4356006C1995 /* AppDelegate.m */ = {isa = PBXFileReference; lastKnownFileType = sourcecode.c.objc; path = AppDelegate.m; sourceTree = "<group>"; };
		B427F3A61D5F4356006C1995 /* main.m */ = {isa = PBXFileReference; lastKnownFileType = sourcecode.c.objc; path = main.m; sourceTree = "<group>"; };
		B427F3A81D5F4356006C1995 /* Assets.xcassets */ = {isa = PBXFileReference; lastKnownFileType = folder.assetcatalog; path = Assets.xcassets; sourceTree = "<group>"; };
		B427F3AB1D5F4356006C1995 /* Base */ = {isa = PBXFileReference; lastKnownFileType = file.xib; name = Base; path = Base.lproj/MainMenu.xib; sourceTree = "<group>"; };
		B427F3AD1D5F4356006C1995 /* Info.plist */ = {isa = PBXFileReference; lastKnownFileType = text.plist.xml; path = Info.plist; sourceTree = "<group>"; };
/* End PBXFileReference section */

/* Begin PBXFrameworksBuildPhase section */
		B427F39C1D5F4356006C1995 /* Frameworks */ = {
			isa = PBXFrameworksBuildPhase;
			buildActionMask = 2147483647;
			files = (
			);
			runOnlyForDeploymentPostprocessing = 0;
		};
/* End PBXFrameworksBuildPhase section */

/* Begin PBXGroup section */
		B427F3961D5F4356006C1995 = {
			isa = PBXGroup;
			children = (
				B427F3A11D5F4356006C1995 /* BuildBotFalseError */,
				B427F3A01D5F4356006C1995 /* Products */,
			);
			sourceTree = "<group>";
		};
		B427F3A01D5F4356006C1995 /* Products */ = {
			isa = PBXGroup;
			children = (
				B427F39F1D5F4356006C1995 /* BuildBotFalseError.app */,
			);
			name = Products;
			sourceTree = "<group>";
		};
		B427F3A11D5F4356006C1995 /* BuildBotFalseError */ = {
			isa = PBXGroup;
			children = (
				B427F3A21D5F4356006C1995 /* AppDelegate.h */,
				B427F3A31D5F4356006C1995 /* AppDelegate.m */,
				B427F3A81D5F4356006C1995 /* Assets.xcassets */,
				B427F3AA1D5F4356006C1995 /* MainMenu.xib */,
				B427F3AD1D5F4356006C1995 /* Info.plist */,
				B427F3A51D5F4356006C1995 /* Supporting Files */,
			);
			path = BuildBotFalseError;
			sourceTree = "<group>";
		};
		B427F3A51D5F4356006C1995 /* Supporting Files */ = {
			isa = PBXGroup;
			children = (
				B427F3A61D5F4356006C1995 /* main.m */,
			);
			name = "Supporting Files";
			sourceTree = "<group>";
		};
/* End PBXGroup section */

/* Begin PBXNativeTarget section */
		B427F39E1D5F4356006C1995 /* BuildBotFalseError */ = {
			isa = PBXNativeTarget;
			buildConfigurationList = B427F3B01D5F4356006C1995 /* Build configuration list for PBXNativeTarget "BuildBotFalseError" */;
			buildPhases = (
				B427F39B1D5F4356006C1995 /* Sources */,
				B427F39C1D5F4356006C1995 /* Frameworks */,
				B427F39D1D5F4356006C1995 /* Resources */,
			);
			buildRules = (
			);
			dependencies = (
			);
			name = BuildBotFalseError;
			productName = BuildBotFalseError;
			productReference = B427F39F1D5F4356006C1995 /* BuildBotFalseError.app */;
			productType = "com.apple.product-type.application";
		};
/* End PBXNativeTarget section */

/* Begin PBXProject section */
		B427F3971D5F4356006C1995 /* Project object */ = {
			isa = PBXProject;
			attributes = {
				LastUpgradeCheck = 0730;
				ORGANIZATIONNAME = "Andrew Molloy";
				TargetAttributes = {
					B427F39E1D5F4356006C1995 = {
						CreatedOnToolsVersion = 7.3.1;
					};
				};
			};
			buildConfigurationList = B427F39A1D5F4356006C1995 /* Build configuration list for PBXProject "BuildBotFalseError" */;
			compatibilityVersion = "Xcode 3.2";
			developmentRegion = English;
			hasScannedForEncodings = 0;
			knownRegions = (
				en,
				Base,
			);
			mainGroup = B427F3961D5F4356006C1995;
			productRefGroup = B427F3A01D5F4356006C1995 /* Products */;
			projectDirPath = "";
			projectRoot = "";
			targets = (
				B427F39E1D5F4356006C1995 /* BuildBotFalseError */,
			);
		};
/* End PBXProject section */

/* Begin PBXResourcesBuildPhase section */
		B427F39D1D5F4356006C1995 /* Resources */ = {
			isa = PBXResourcesBuildPhase;
			buildActionMask = 2147483647;
			files = (
				B427F3A91D5F4356006C1995 /* Assets.xcassets in Resources */,
				B427F3AC1D5F4356006C1995 /* MainMenu.xib in Resources */,
			);
			runOnlyForDeploymentPostprocessing = 0;
		};
/* End PBXResourcesBuildPhase section */

/* Begin PBXSourcesBuildPhase section */
		B427F39B1D5F4356006C1995 /* Sources */ = {
			isa = PBXSourcesBuildPhase;
			buildActionMask = 2147483647;
			files = (
				B427F3A71D5F4356006C1995 /* main.m in Sources */,
				B427F3A41D5F4356006C1995 /* AppDelegate.m in Sources */,
			);
			runOnlyForDeploymentPostprocessing = 0;
		};
/* End PBXSourcesBuildPhase section */

/* Begin PBXVariantGroup section */
		B427F3AA1D5F4356006C1995 /* MainMenu.xib */ = {
			isa = PBXVariantGroup;
			children = (
				B427F3AB1D5F4356006C1995 /* Base */,
			);
			name = MainMenu.xib;
			sourceTree = "<group>";
		};
/* End PBXVariantGroup section */

/* Begin XCBuildConfiguration section */
		B427F3AE1D5F4356006C1995 /* Debug */ = {
			isa = XCBuildConfiguration;
			buildSettings = {
				ALWAYS_SEARCH_USER_PATHS = NO;
				CLANG_ANALYZER_NONNULL = YES;
				CLANG_CXX_LANGUAGE_STANDARD = "gnu++0x";
				CLANG_CXX_LIBRARY = "libc++";
				CLANG_ENABLE_MODULES = YES;
				CLANG_ENABLE_OBJC_ARC = YES;
				CLANG_WARN_BOOL_CONVERSION = YES;
				CLANG_WARN_CONSTANT_CONVERSION = YES;
				CLANG_WARN_DIRECT_OBJC_ISA_USAGE = YES_ERROR;
				CLANG_WARN_EMPTY_BODY = YES;
				CLANG_WARN_ENUM_CONVERSION = YES;
				CLANG_WARN_INT_CONVERSION = YES;
				CLANG_WARN_OBJC_ROOT_CLASS = YES_ERROR;
				CLANG_WARN_UNREACHABLE_CODE = YES;
				CLANG_WARN__DUPLICATE_METHOD_MATCH = YES;
				CODE_SIGN_IDENTITY = "-";
				COPY_PHASE_STRIP = NO;
				DEBUG_INFORMATION_FORMAT = dwarf;
				ENABLE_STRICT_OBJC_MSGSEND = YES;
				ENABLE_TESTABILITY = YES;
				GCC_C_LANGUAGE_STANDARD = gnu99;
				GCC_DYNAMIC_NO_PIC = NO;
				GCC_NO_COMMON_BLOCKS = YES;
				GCC_OPTIMIZATION_LEVEL = 0;
				GCC_PREPROCESSOR_DEFINITIONS = (
					"DEBUG=1",
					"$(inherited)",
				);
				GCC_WARN_64_TO_32_BIT_CONVERSION = YES;
				GCC_WARN_ABOUT_RETURN_TYPE = YES_ERROR;
				GCC_WARN_UNDECLARED_SELECTOR = YES;
				GCC_WARN_UNINITIALIZED_AUTOS = YES_AGGRESSIVE;
				GCC_WARN_UNUSED_FUNCTION = YES;
				GCC_WARN_UNUSED_VARIABLE = YES;
				MACOSX_DEPLOYMENT_TARGET = 10.11;
				MTL_ENABLE_DEBUG_INFO = YES;
				ONLY_ACTIVE_ARCH = YES;
				SDKROOT = macosx;
			};
			name = Debug;
		};
		B427F3AF1D5F4356006C1995 /* Release */ = {
			isa = XCBuildConfiguration;
			buildSettings = {
				ALWAYS_SEARCH_USER_PATHS = NO;
				CLANG_ANALYZER_NONNULL = YES;
				CLANG_CXX_LANGUAGE_STANDARD = "gnu++0x";
				CLANG_CXX_LIBRARY = "libc++";
				CLANG_ENABLE_MODULES = YES;
				CLANG_ENABLE_OBJC_ARC = YES;
				CLANG_WARN_BOOL_CONVERSION = YES;
				CLANG_WARN_CONSTANT_CONVERSION = YES;
				CLANG_WARN_DIRECT_OBJC_ISA_USAGE = YES_ERROR;
				CLANG_WARN_EMPTY_BODY = YES;
				CLANG_WARN_ENUM_CONVERSION = YES;
				CLANG_WARN_INT_CONVERSION = YES;
				CLANG_WARN_OBJC_ROOT_CLASS = YES_ERROR;
				CLANG_WARN_UNREACHABLE_CODE = YES;
				CLANG_WARN__DUPLICATE_METHOD_MATCH = YES;
				CODE_SIGN_IDENTITY = "-";
				COPY_PHASE_STRIP = NO;
				DEBUG_INFORMATION_FORMAT = "dwarf-with-dsym";
				ENABLE_NS_ASSERTIONS = NO;
				ENABLE_STRICT_OBJC_MSGSEND = YES;
				GCC_C_LANGUAGE_STANDARD = gnu99;
				GCC_NO_COMMON_BLOCKS = YES;
				GCC_WARN_64_TO_32_BIT_CONVERSION = YES;
				GCC_WARN_ABOUT_RETURN_TYPE = YES_ERROR;
				GCC_WARN_UNDECLARED_SELECTOR = YES;
				GCC_WARN_UNINITIALIZED_AUTOS = YES_AGGRESSIVE;
				GCC_WARN_UNUSED_FUNCTION = YES;
				GCC_WARN_UNUSED_VARIABLE = YES;
				MACOSX_DEPLOYMENT_TARGET = 10.11;
				MTL_ENABLE_DEBUG_INFO = NO;
				SDKROOT = macosx;
			};
			name = Release;
		};
		B427F3B11D5F4356006C1995 /* Debug */ = {
			isa = XCBuildConfiguration;
			buildSettings = {
				ASSETCATALOG_COMPILER_APPICON_NAME = AppIcon;
				COMBINE_HIDPI_IMAGES = YES;
				INFOPLIST_FILE = BuildBotFalseError/Info.plist;
				LD_RUNPATH_SEARCH_PATHS = "$(inherited) @executable_path/../Frameworks";
				PRODUCT_BUNDLE_IDENTIFIER = com.amolloy.BuildBotFalseError;
				PRODUCT_NAME = "$(TARGET_NAME)";
			};
			name = Debug;
		};
		B427F3B21D5F4356006C1995 /* Release */ = {
			isa = XCBuildConfiguration;
			buildSettings = {
				ASSETCATALOG_COMPILER_APPICON_NAME = AppIcon;
				COMBINE_HIDPI_IMAGES = YES;
				INFOPLIST_FILE = BuildBotFalseError/Info.plist;
				LD_RUNPATH_SEARCH_PATHS = "$(inherited) @executable_path/../Frameworks";
				PRODUCT_BUNDLE_IDENTIFIER = com.amolloy.BuildBotFalseError;
				PRODUCT_NAME = "$(TARGET_NAME)";
			};
			name = Release;
		};
/* End XCBuildConfiguration section */

/* Begin XCConfigurationList section */
		B427F39A1D5F4356006C1995 /* Build configuration list for PBXProject "BuildBotFalseError" */ = {
			isa = XCConfigurationList;
			buildConfigurations = (
				B427F3AE1D5F4356006C1995 /* Debug */,
				B427F3AF1D5F4356006C1995 /* Release */,
			);
			defaultConfigurationIsVisible = 0;
			defaultConfigurationName = Release;
		};
		B427F3B01D5F4356006C1995 /* Build configuration list for PBXNativeTarget "BuildBotFalseError" */ = {
			isa = XCConfigurationList;
			buildConfigurations = (
				B427F3B11D5F4356006C1995 /* Debug */,
				B427F3B21D5F4356006C1995 /* Release */,
			);
			defaultConfigurationIsVisible = 0;
		};
/* End XCConfigurationList section */
	};
	rootObject = B427F3971D5F4356006C1995 /* Project object */;
}
